<?xml version="1.0" encoding="UTF-8" standalone="yes" ?>
<CodeBlocks_project_file>
	<FileVersion major="1" minor="6" />
	<Project>
		<Option title="X-Ways C4All" />
		<Option pch_mode="2" />
		<Option compiler="gcc-mingw32" />
		<MakeCommands>
			<Build command="" />
			<CompileFile command="" />
			<Clean command="" />
			<DistClean command="" />
			<AskRebuildNeeded command="" />
			<SilentBuild command=" &gt; $(CMD_NULL)" />
		</MakeCommands>
		<Build>
			<Target title="Debug">
				<Option output="bin/Debug/Griffeye Export" prefix_auto="1" extension_auto="1" />
				<Option object_output="obj/Debug/" />
				<Option type="3" />
				<Option compiler="gcc-mingw32" />
				<Option createDefFile="1" />
				<Option createStaticLib="1" />
				<Option projectCompilerOptionsRelation="2" />
				<Option projectLinkerOptionsRelation="-1" />
				<Option projectIncludeDirsRelation="-1" />
				<Option projectLibDirsRelation="-1" />
				<Compiler>
					<Add option="-std=c++11" />
					<Add option="-m64" />
					<Add option="-g" />
				</Compiler>
				<Linker>
					<Add option="-static-libstdc++" />
					<Add option="-static-libgcc" />
					<Add option="-static" />
					<Add option="-m64" />
					<Add option="-Wl,-Map=mem.map -Bstatic -lstdc++ -lwinpthread -lpthread" />
					<Add library="ole32" />
					<Add library="comctl32" />
					<Add library="oleaut32" />
					<Add library="uuid" />
				</Linker>
				<MakeCommands>
					<Build command="" />
					<CompileFile command="" />
					<Clean command="" />
					<DistClean command="" />
					<AskRebuildNeeded command="" />
					<SilentBuild command=" &gt; $(CMD_NULL)" />
				</MakeCommands>
			</Target>
			<Target title="Release">
				<Option output="bin/Release/XT_Clees4All" prefix_auto="1" extension_auto="1" />
				<Option object_output="obj/Release/" />
				<Option type="3" />
				<Option compiler="gcc-mingw32" />
				<Option createDefFile="1" />
				<Option createStaticLib="1" />
				<Option projectCompilerOptionsRelation="2" />
				<Option projectIncludeDirsRelation="-1" />
				<Option projectLibDirsRelation="-1" />
				<Compiler>
					<Add option="-std=c++17" />
					<Add option="-m64" />
				</Compiler>
				<Linker>
					<Add option="-static-libstdc++" />
					<Add option="-static-libgcc" />
					<Add option="-static" />
					<Add option="-m64" />
					<Add option="-Wl,-Map=mem.map -Bstatic -lstdc++ -lwinpthread -lpthread" />
					<Add library="user32" />
					<Add library="gdi32" />
					<Add library="ole32" />
					<Add library="comdlg32" />
					<Add library="libs/archive.lib" />
					<Add library="uuid" />
				</Linker>
				<MakeCommands>
					<Build command="" />
					<CompileFile command="" />
					<Clean command="" />
					<DistClean command="" />
					<AskRebuildNeeded command="" />
					<SilentBuild command=" &gt; $(CMD_NULL)" />
				</MakeCommands>
			</Target>
			<Target title="Debug - New">
				<Option output="bin/Debug/XT_Clees4All" prefix_auto="1" extension_auto="1" />
				<Option object_output="obj/Debug/" />
				<Option type="3" />
				<Option compiler="gcc-mingw32" />
				<Option createDefFile="1" />
				<Option createStaticLib="1" />
				<Option projectCompilerOptionsRelation="2" />
				<Option projectIncludeDirsRelation="2" />
				<Option projectLibDirsRelation="2" />
				<Compiler>
					<Add option="-std=c++17" />
					<Add option="-m64" />
					<Add option="-g" />
					<Add directory="include" />
					<Add directory="third_party/sqlite" />
					<Add directory="third_party/libarchive" />
					<Add directory="third_party/cjson" />
				</Compiler>
				<Linker>
					<Add option="-static-libstdc++" />
					<Add option="-static-libgcc" />
					<Add option="-static" />
					<Add option="-m64" />
					<Add option="-Wl,-Map=mem.map -Bstatic -lstdc++ -lwinpthread -lpthread" />
					<Add library="user32" />
					<Add library="gdi32" />
					<Add library="ole32" />
					<Add library="comdlg32" />
					<Add library="libs/archive.lib" />
					<Add library="comctl32" />
					<Add library="uuid" />
				</Linker>
				<MakeCommands>
					<Build command="" />
					<CompileFile command="" />
					<Clean command="" />
					<DistClean command="" />
					<AskRebuildNeeded command="" />
					<SilentBuild command=" &gt; $(CMD_NULL)" />
				</MakeCommands>
			</Target>
			<Target title="Release (x86)">
				<Option output="bin/Release/XT_Clees4All" prefix_auto="1" extension_auto="1" />
				<Option object_output="obj/Release/" />
				<Option type="3" />
				<Option compiler="gcc-mingw32" />
				<Option createDefFile="1" />
				<Option createStaticLib="1" />
				<Option projectCompilerOptionsRelation="2" />
				<Option projectIncludeDirsRelation="-1" />
				<Option projectLibDirsRelation="-1" />
				<Compiler>
					<Add option="-std=c++17" />
					<Add option="-m64" />
				</Compiler>
				<Linker>
					<Add option="-static-libstdc++" />
					<Add option="-static-libgcc" />
					<Add option="-static" />
					<Add option="-m64" />
					<Add option="-Wl,-Map=mem.map -Bstatic -lstdc++ -lwinpthread -lpthread" />
					<Add library="user32" />
					<Add library="gdi32" />
					<Add library="ole32" />
					<Add library="comdlg32" />
					<Add library="libs/archive.lib" />
				</Linker>
				<MakeCommands>
					<Build command="" />
					<CompileFile command="" />
					<Clean command="" />
					<DistClean command="" />
					<AskRebuildNeeded command="" />
					<SilentBuild command=" &gt; $(CMD_NULL)" />
				</MakeCommands>
			</Target>
			<Target title="Tests">
				<Option output="bin/Tests/C4All_Tests" prefix_auto="0" extension_auto="1" />
				<Option object_output="obj/Tests/" />
				<Option type="1" />
				<Option compiler="gcc-mingw32" />
				<Option projectCompilerOptionsRelation="2" />
				<Compiler>
					<Add option="-std=c++17" />
					<Add option="-m64" />
					<Add option="-g" />
					<Add directory="include" />
					<Add directory="third_party/cjson" />
					<Add directory="tests" />
				</Compiler>
				<Linker>
					<Add option="-static-libstdc++" />
					<Add option="-static-libgcc" />
					<Add option="-m64" />
					<Add library="ole32" />
					<Add library="user32" />
					<Add library="uuid" />
				</Linker>
			</Target>
		</Build>
		<Compiler>
			<Add option="-march=x86-64 -mfpmath=sse" />
			<Add directory="include" />
			<Add directory="third_party/sqlite" />
			<Add directory="third_party/libarchive" />
			<Add directory="third_party/cjson" />
		</Compiler>
		<Unit filename="src/ArchiveWriter.cpp">
			<Option target="Release" />
			<Option target="Debug - New" />
			<Option target="Release (x86)" />
		</Unit>
		<Unit filename="include/ArchiveWriter.h">
			<Option target="Release" />
			<Option target="Debug - New" />
			<Option target="Release (x86)" />
		</Unit>
		<Unit filename="src/FileOutput.cpp">
			<Option target="Debug" />
			<Option target="Release" />
			<Option target="Debug - New" />
			<Option target="Release (x86)" />
		</Unit>
		<Unit filename="include/FileOutput.h" />
		<Unit filename="src/GUI.cpp">
			<Option target="Debug" />
			<Option target="Release" />
			<Option target="Debug - New" />
			<Option target="Release (x86)" />
		</Unit>
		<Unit filename="include/GUI.h" />
		<Unit filename="src/ReportTableAssociations.cpp">
			<Option target="Debug" />
			<Option target="Release" />
			<Option target="Debug - New" />
			<Option target="Release (x86)" />
		</Unit>
		<Unit filename="include/ReportTableAssociations.h" />
		<Unit filename="src/SQLFunctions.cpp">
			<Option target="Debug" />
			<Option target="Release" />
			<Option target="Debug - New" />
			<Option target="Release (x86)" />
		</Unit>
		<Unit filename="include/SQLFunctions.h" />
		<Unit filename="src/VICS.cpp" />
		<Unit filename="include/VICS.h" />
		<Unit filename="src/X-Tension.cpp">
			<Option compilerVar="CC" />
		</Unit>
		<Unit filename="include/X-Tension.h">
			<Option compilerVar="CC" />
		</Unit>
		<Unit filename="X-tension.def">
			<Option target="Debug" />
			<Option target="Release" />
			<Option target="Debug - New" />
			<Option target="Release (x86)" />
		</Unit>
		<Unit filename="src/XML.cpp">
			<Option target="Debug" />
			<Option target="Release" />
			<Option target="Debug - New" />
			<Option target="Release (x86)" />
		</Unit>
		<Unit filename="include/XML.h" />
		<Unit filename="src/accessible.cpp">
			<Option target="Debug" />
			<Option target="Release" />
			<Option target="Debug - New" />
			<Option target="Release (x86)" />
		</Unit>
		<Unit filename="include/accessible.h" />
		<Unit filename="third_party/libarchive/archive.h" />
		<Unit filename="third_party/libarchive/archive_entry.h" />
		<Unit filename="src/base64.cpp">
			<Option target="Debug" />
			<Option target="Release" />
			<Option target="Debug - New" />
			<Option target="Release (x86)" />
		</Unit>
		<Unit filename="include/base64.h" />
		<Unit filename="src/debugMessage.cpp">
			<Option target="Debug" />
			<Option target="Release" />
			<Option target="Debug - New" />
			<Option target="Release (x86)" />
		</Unit>
		<Unit filename="include/debugMessage.h" />
		<Unit filename="src/main.cpp">
			<Option compilerVar="CC" />
			<Option target="Debug" />
			<Option target="Release" />
			<Option target="Debug - New" />
			<Option target="Release (x86)" />
		</Unit>
		<Unit filename="include/main.h">
			<Option compilerVar="CC" />
		</Unit>
		<Unit filename="src/options.cpp">
			<Option target="Debug" />
			<Option target="Release" />
			<Option target="Debug - New" />
			<Option target="Release (x86)" />
		</Unit>
		<Unit filename="include/options.h" />
		<Unit filename="third_party/cjson/cJSON.c">
			<Option compilerVar="CC" />
		</Unit>
		<Unit filename="third_party/cjson/cJSON.h" />
		<Unit filename="third_party/sqlite/shell.c">
			<Option compilerVar="CC" />
			<Option target="Debug" />
			<Option target="Release" />
			<Option target="Debug - New" />
			<Option target="Release (x86)" />
		</Unit>
		<Unit filename="third_party/sqlite/sqlite3.c">
			<Option compilerVar="CC" />
			<Option target="Debug" />
			<Option target="Release" />
			<Option target="Debug - New" />
			<Option target="Release (x86)" />
			<Option target="Tests" />
		</Unit>
		<Unit filename="third_party/sqlite/sqlite3.h" />
		<Unit filename="third_party/sqlite/sqlite3ext.h" />
		<Unit filename="src/utility.cpp">
			<Option target="Release" />
			<Option target="Debug - New" />
			<Option target="Tests" />
		</Unit>
		<Unit filename="include/utility.h">
			<Option target="Release" />
			<Option target="Debug - New" />
			<Option target="Tests" />
		</Unit>
		<Unit filename="tests/testharness.h">
			<Option target="Tests" />
		</Unit>
		<Unit filename="tests/test_vics_json.cpp">
			<Option target="Tests" />
		</Unit>
		<Extensions />
	</Project>
</CodeBlocks_project_file>
